// !$*UTF8*$!
{
	archiveVersion = 1;
	classes = {
	};
	objectVersion = 51;
	objects = {

/* Begin PBXBuildFile section */
		33075DDA24CC94920066DFD2 /* LocationManager.swift in Sources */ = {isa = PBXBuildFile; fileRef = 33075DD924CC94920066DFD2 /* LocationManager.swift */; };
		33075DDC24CE37A20066DFD2 /* UIKitTabView.swift in Sources */ = {isa = PBXBuildFile; fileRef = 33075DDB24CE37A20066DFD2 /* UIKitTabView.swift */; };
		33075DDE24CE861E0066DFD2 /* RouteView.swift in Sources */ = {isa = PBXBuildFile; fileRef = 33075DDD24CE861E0066DFD2 /* RouteView.swift */; };
		33075DE024CE94A80066DFD2 /* RouteMapView.swift in Sources */ = {isa = PBXBuildFile; fileRef = 33075DDF24CE94A80066DFD2 /* RouteMapView.swift */; };
		33075DE224CE95D70066DFD2 /* MulticolorPolyline.swift in Sources */ = {isa = PBXBuildFile; fileRef = 33075DE124CE95D70066DFD2 /* MulticolorPolyline.swift */; };
		3323CC6124F338AF00CF93F7 /* StoreDTO.swift in Sources */ = {isa = PBXBuildFile; fileRef = 3323CC6024F338AF00CF93F7 /* StoreDTO.swift */; };
		3323CC6324F339E400CF93F7 /* mockStoreData.json in Resources */ = {isa = PBXBuildFile; fileRef = 3323CC6224F339E400CF93F7 /* mockStoreData.json */; };
		3323CC6424F339E400CF93F7 /* mockStoreData.json in Resources */ = {isa = PBXBuildFile; fileRef = 3323CC6224F339E400CF93F7 /* mockStoreData.json */; };
		3323CC6524F339E800CF93F7 /* StoreDTO.swift in Sources */ = {isa = PBXBuildFile; fileRef = 3323CC6024F338AF00CF93F7 /* StoreDTO.swift */; };
		3323CC6724F34F0700CF93F7 /* mockBrandData.json in Resources */ = {isa = PBXBuildFile; fileRef = 3323CC6624F34F0700CF93F7 /* mockBrandData.json */; };
		3323CC6824F34F0700CF93F7 /* mockBrandData.json in Resources */ = {isa = PBXBuildFile; fileRef = 3323CC6624F34F0700CF93F7 /* mockBrandData.json */; };
		3323CC6A24F34F7E00CF93F7 /* BrandDTO.swift in Sources */ = {isa = PBXBuildFile; fileRef = 3323CC6924F34F7E00CF93F7 /* BrandDTO.swift */; };
		3323CC6B24F34F7E00CF93F7 /* BrandDTO.swift in Sources */ = {isa = PBXBuildFile; fileRef = 3323CC6924F34F7E00CF93F7 /* BrandDTO.swift */; };
		3323CC6D24F7812400CF93F7 /* OrderView.swift in Sources */ = {isa = PBXBuildFile; fileRef = 3323CC6C24F7812400CF93F7 /* OrderView.swift */; };
		3323CC6E24F7812400CF93F7 /* OrderView.swift in Sources */ = {isa = PBXBuildFile; fileRef = 3323CC6C24F7812400CF93F7 /* OrderView.swift */; };
		3323CC7024FC87FE00CF93F7 /* OrderDTO.swift in Sources */ = {isa = PBXBuildFile; fileRef = 3323CC6F24FC87FE00CF93F7 /* OrderDTO.swift */; };
		3323CC7124FC87FE00CF93F7 /* OrderDTO.swift in Sources */ = {isa = PBXBuildFile; fileRef = 3323CC6F24FC87FE00CF93F7 /* OrderDTO.swift */; };
		338C0DA624E9DAD300626260 /* LoadingView.swift in Sources */ = {isa = PBXBuildFile; fileRef = 338C0DA524E9DAD300626260 /* LoadingView.swift */; };
		338C0DAA24E9ED6B00626260 /* StoreCheckInDTO.swift in Sources */ = {isa = PBXBuildFile; fileRef = 339B91A224C65E3200585999 /* StoreCheckInDTO.swift */; };
		338C0DAB24E9ED6B00626260 /* TPImagePicker.swift in Sources */ = {isa = PBXBuildFile; fileRef = 33D5FFBA24C4DA2C001461B6 /* TPImagePicker.swift */; };
		338C0DAC24E9ED6B00626260 /* LocationManager.swift in Sources */ = {isa = PBXBuildFile; fileRef = 33075DD924CC94920066DFD2 /* LocationManager.swift */; };
		338C0DAD24E9ED6B00626260 /* RouteView.swift in Sources */ = {isa = PBXBuildFile; fileRef = 33075DDD24CE861E0066DFD2 /* RouteView.swift */; };
		338C0DAE24E9ED6B00626260 /* AppDelegate.swift in Sources */ = {isa = PBXBuildFile; fileRef = 33D986772499BAB10047618B /* AppDelegate.swift */; };
		338C0DAF24E9ED6B00626260 /* LoadingView.swift in Sources */ = {isa = PBXBuildFile; fileRef = 338C0DA524E9DAD300626260 /* LoadingView.swift */; };
		338C0DB024E9ED6B00626260 /* KeyboardResponder.swift in Sources */ = {isa = PBXBuildFile; fileRef = 33EDA2E624DBD0E2002632A7 /* KeyboardResponder.swift */; };
		338C0DB124E9ED6B00626260 /* KeyboardGuardian.swift in Sources */ = {isa = PBXBuildFile; fileRef = 33EDA2EA24E0D4BD002632A7 /* KeyboardGuardian.swift */; };
		338C0DB224E9ED6B00626260 /* ClockInView.swift in Sources */ = {isa = PBXBuildFile; fileRef = 339B919B24C5246200585999 /* ClockInView.swift */; };
		338C0DB324E9ED6B00626260 /* FirebaseSessionManager.swift in Sources */ = {isa = PBXBuildFile; fileRef = 33EDA2DE24D74872002632A7 /* FirebaseSessionManager.swift */; };
		338C0DB424E9ED6B00626260 /* UIKitTabView.swift in Sources */ = {isa = PBXBuildFile; fileRef = 33075DDB24CE37A20066DFD2 /* UIKitTabView.swift */; };
		338C0DB524E9ED6B00626260 /* TextFieldContainerView.swift in Sources */ = {isa = PBXBuildFile; fileRef = 33EDA2E424DBC940002632A7 /* TextFieldContainerView.swift */; };
		338C0DB624E9ED6B00626260 /* TimerView.swift in Sources */ = {isa = PBXBuildFile; fileRef = 339B919D24C52D9A00585999 /* TimerView.swift */; };
		338C0DB724E9ED6B00626260 /* HistoryView.swift in Sources */ = {isa = PBXBuildFile; fileRef = 339B919724C5107900585999 /* HistoryView.swift */; };
		338C0DB824E9ED6B00626260 /* CheckInView.swift in Sources */ = {isa = PBXBuildFile; fileRef = 33F7AC1C24BA7F2B00EF9E51 /* CheckInView.swift */; };
		338C0DB924E9ED6B00626260 /* MainMapView.swift in Sources */ = {isa = PBXBuildFile; fileRef = 339B91A924C6A6FF00585999 /* MainMapView.swift */; };
		338C0DBA24E9ED6B00626260 /* Data.swift in Sources */ = {isa = PBXBuildFile; fileRef = 339B91A024C65DBA00585999 /* Data.swift */; };
		338C0DBB24E9ED6B00626260 /* AuthView.swift in Sources */ = {isa = PBXBuildFile; fileRef = 33EDA2E024D74E2B002632A7 /* AuthView.swift */; };
		338C0DBC24E9ED6B00626260 /* MulticolorPolyline.swift in Sources */ = {isa = PBXBuildFile; fileRef = 33075DE124CE95D70066DFD2 /* MulticolorPolyline.swift */; };
		338C0DBD24E9ED6B00626260 /* TimerManager.swift in Sources */ = {isa = PBXBuildFile; fileRef = 339B919924C5196E00585999 /* TimerManager.swift */; };
		338C0DBE24E9ED6B00626260 /* RouteMapView.swift in Sources */ = {isa = PBXBuildFile; fileRef = 33075DDF24CE94A80066DFD2 /* RouteMapView.swift */; };
		338C0DBF24E9ED6B00626260 /* SceneDelegate.swift in Sources */ = {isa = PBXBuildFile; fileRef = 33D986792499BAB10047618B /* SceneDelegate.swift */; };
		338C0DC024E9ED6B00626260 /* ContentView.swift in Sources */ = {isa = PBXBuildFile; fileRef = 33D9867B2499BAB10047618B /* ContentView.swift */; };
		338C0DC124E9ED6B00626260 /* SettingsView.swift in Sources */ = {isa = PBXBuildFile; fileRef = 33EDA2E224D77183002632A7 /* SettingsView.swift */; };
		338C0DC524E9ED6B00626260 /* LaunchScreen.storyboard in Resources */ = {isa = PBXBuildFile; fileRef = 33D986822499BAB50047618B /* LaunchScreen.storyboard */; };
		338C0DC624E9ED6B00626260 /* mockCheckInData.json in Resources */ = {isa = PBXBuildFile; fileRef = 339B91A724C65FFB00585999 /* mockCheckInData.json */; };
		338C0DC724E9ED6B00626260 /* GoogleService-Info.plist in Resources */ = {isa = PBXBuildFile; fileRef = 33EDA2DC24D74569002632A7 /* GoogleService-Info.plist */; };
		338C0DC824E9ED6B00626260 /* Preview Assets.xcassets in Resources */ = {isa = PBXBuildFile; fileRef = 33D986802499BAB40047618B /* Preview Assets.xcassets */; };
		338C0DC924E9ED6B00626260 /* Assets.xcassets in Resources */ = {isa = PBXBuildFile; fileRef = 33D9867D2499BAB40047618B /* Assets.xcassets */; };
		339B919824C5107900585999 /* HistoryView.swift in Sources */ = {isa = PBXBuildFile; fileRef = 339B919724C5107900585999 /* HistoryView.swift */; };
		339B919A24C5196E00585999 /* TimerManager.swift in Sources */ = {isa = PBXBuildFile; fileRef = 339B919924C5196E00585999 /* TimerManager.swift */; };
		339B919C24C5246200585999 /* ClockInView.swift in Sources */ = {isa = PBXBuildFile; fileRef = 339B919B24C5246200585999 /* ClockInView.swift */; };
		339B919E24C52D9A00585999 /* TimerView.swift in Sources */ = {isa = PBXBuildFile; fileRef = 339B919D24C52D9A00585999 /* TimerView.swift */; };
		339B91A124C65DBA00585999 /* Data.swift in Sources */ = {isa = PBXBuildFile; fileRef = 339B91A024C65DBA00585999 /* Data.swift */; };
		339B91A324C65E3200585999 /* StoreCheckInDTO.swift in Sources */ = {isa = PBXBuildFile; fileRef = 339B91A224C65E3200585999 /* StoreCheckInDTO.swift */; };
		339B91A824C65FFB00585999 /* mockCheckInData.json in Resources */ = {isa = PBXBuildFile; fileRef = 339B91A724C65FFB00585999 /* mockCheckInData.json */; };
		339B91AA24C6A6FF00585999 /* MainMapView.swift in Sources */ = {isa = PBXBuildFile; fileRef = 339B91A924C6A6FF00585999 /* MainMapView.swift */; };
		33D5FFBB24C4DA2C001461B6 /* TPImagePicker.swift in Sources */ = {isa = PBXBuildFile; fileRef = 33D5FFBA24C4DA2C001461B6 /* TPImagePicker.swift */; };
		33D986782499BAB10047618B /* AppDelegate.swift in Sources */ = {isa = PBXBuildFile; fileRef = 33D986772499BAB10047618B /* AppDelegate.swift */; };
		33D9867A2499BAB10047618B /* SceneDelegate.swift in Sources */ = {isa = PBXBuildFile; fileRef = 33D986792499BAB10047618B /* SceneDelegate.swift */; };
		33D9867C2499BAB10047618B /* ContentView.swift in Sources */ = {isa = PBXBuildFile; fileRef = 33D9867B2499BAB10047618B /* ContentView.swift */; };
		33D9867E2499BAB40047618B /* Assets.xcassets in Resources */ = {isa = PBXBuildFile; fileRef = 33D9867D2499BAB40047618B /* Assets.xcassets */; };
		33D986812499BAB40047618B /* Preview Assets.xcassets in Resources */ = {isa = PBXBuildFile; fileRef = 33D986802499BAB40047618B /* Preview Assets.xcassets */; };
		33D986842499BAB50047618B /* LaunchScreen.storyboard in Resources */ = {isa = PBXBuildFile; fileRef = 33D986822499BAB50047618B /* LaunchScreen.storyboard */; };
		33EDA2DD24D74569002632A7 /* GoogleService-Info.plist in Resources */ = {isa = PBXBuildFile; fileRef = 33EDA2DC24D74569002632A7 /* GoogleService-Info.plist */; };
		33EDA2DF24D74872002632A7 /* FirebaseSessionManager.swift in Sources */ = {isa = PBXBuildFile; fileRef = 33EDA2DE24D74872002632A7 /* FirebaseSessionManager.swift */; };
		33EDA2E124D74E2B002632A7 /* AuthView.swift in Sources */ = {isa = PBXBuildFile; fileRef = 33EDA2E024D74E2B002632A7 /* AuthView.swift */; };
		33EDA2E324D77183002632A7 /* SettingsView.swift in Sources */ = {isa = PBXBuildFile; fileRef = 33EDA2E224D77183002632A7 /* SettingsView.swift */; };
		33EDA2E524DBC940002632A7 /* TextFieldContainerView.swift in Sources */ = {isa = PBXBuildFile; fileRef = 33EDA2E424DBC940002632A7 /* TextFieldContainerView.swift */; };
		33EDA2E724DBD0E2002632A7 /* KeyboardResponder.swift in Sources */ = {isa = PBXBuildFile; fileRef = 33EDA2E624DBD0E2002632A7 /* KeyboardResponder.swift */; };
		33EDA2EB24E0D4BD002632A7 /* KeyboardGuardian.swift in Sources */ = {isa = PBXBuildFile; fileRef = 33EDA2EA24E0D4BD002632A7 /* KeyboardGuardian.swift */; };
		33F7AC1D24BA7F2B00EF9E51 /* CheckInView.swift in Sources */ = {isa = PBXBuildFile; fileRef = 33F7AC1C24BA7F2B00EF9E51 /* CheckInView.swift */; };
		5185FCE9DAF7139D1330D877 /* Pods_NOVA_Dev.framework in Frameworks */ = {isa = PBXBuildFile; fileRef = 6F324A111D61D4562FF20FA9 /* Pods_NOVA_Dev.framework */; };
		93E4CC05CE1D0D21DF8AB010 /* Pods_NOVA.framework in Frameworks */ = {isa = PBXBuildFile; fileRef = 74A0D230BFBE79EA90D8BF6E /* Pods_NOVA.framework */; };
/* End PBXBuildFile section */

/* Begin PBXFileReference section */
		2F8DF5F79FF19683E1CE706C /* Pods-NOVA.release.xcconfig */ = {isa = PBXFileReference; includeInIndex = 1; lastKnownFileType = text.xcconfig; name = "Pods-NOVA.release.xcconfig"; path = "Target Support Files/Pods-NOVA/Pods-NOVA.release.xcconfig"; sourceTree = "<group>"; };
		33075DD924CC94920066DFD2 /* LocationManager.swift */ = {isa = PBXFileReference; lastKnownFileType = sourcecode.swift; path = LocationManager.swift; sourceTree = "<group>"; };
		33075DDB24CE37A20066DFD2 /* UIKitTabView.swift */ = {isa = PBXFileReference; lastKnownFileType = sourcecode.swift; path = UIKitTabView.swift; sourceTree = "<group>"; };
		33075DDD24CE861E0066DFD2 /* RouteView.swift */ = {isa = PBXFileReference; lastKnownFileType = sourcecode.swift; path = RouteView.swift; sourceTree = "<group>"; };
		33075DDF24CE94A80066DFD2 /* RouteMapView.swift */ = {isa = PBXFileReference; lastKnownFileType = sourcecode.swift; path = RouteMapView.swift; sourceTree = "<group>"; };
		33075DE124CE95D70066DFD2 /* MulticolorPolyline.swift */ = {isa = PBXFileReference; lastKnownFileType = sourcecode.swift; name = MulticolorPolyline.swift; path = NOVA/Views/MulticolorPolyline.swift; sourceTree = SOURCE_ROOT; };
		3323CC6024F338AF00CF93F7 /* StoreDTO.swift */ = {isa = PBXFileReference; lastKnownFileType = sourcecode.swift; path = StoreDTO.swift; sourceTree = "<group>"; };
		3323CC6224F339E400CF93F7 /* mockStoreData.json */ = {isa = PBXFileReference; lastKnownFileType = text.json; path = mockStoreData.json; sourceTree = "<group>"; };
		3323CC6624F34F0700CF93F7 /* mockBrandData.json */ = {isa = PBXFileReference; lastKnownFileType = text.json; path = mockBrandData.json; sourceTree = "<group>"; };
		3323CC6924F34F7E00CF93F7 /* BrandDTO.swift */ = {isa = PBXFileReference; lastKnownFileType = sourcecode.swift; path = BrandDTO.swift; sourceTree = "<group>"; };
		3323CC6C24F7812400CF93F7 /* OrderView.swift */ = {isa = PBXFileReference; lastKnownFileType = sourcecode.swift; path = OrderView.swift; sourceTree = "<group>"; };
		3323CC6F24FC87FE00CF93F7 /* OrderDTO.swift */ = {isa = PBXFileReference; lastKnownFileType = sourcecode.swift; path = OrderDTO.swift; sourceTree = "<group>"; };
		338C0DA524E9DAD300626260 /* LoadingView.swift */ = {isa = PBXFileReference; lastKnownFileType = sourcecode.swift; path = LoadingView.swift; sourceTree = "<group>"; };
		338C0DCE24E9ED6B00626260 /* NOVA Dev.app */ = {isa = PBXFileReference; explicitFileType = wrapper.application; includeInIndex = 0; path = "NOVA Dev.app"; sourceTree = BUILT_PRODUCTS_DIR; };
		338C0DCF24E9ED6D00626260 /* Dev-info.plist */ = {isa = PBXFileReference; lastKnownFileType = text.plist.xml; path = "Dev-info.plist"; sourceTree = SOURCE_ROOT; };
		339B919724C5107900585999 /* HistoryView.swift */ = {isa = PBXFileReference; lastKnownFileType = sourcecode.swift; path = HistoryView.swift; sourceTree = "<group>"; };
		339B919924C5196E00585999 /* TimerManager.swift */ = {isa = PBXFileReference; lastKnownFileType = sourcecode.swift; path = TimerManager.swift; sourceTree = "<group>"; };
		339B919B24C5246200585999 /* ClockInView.swift */ = {isa = PBXFileReference; lastKnownFileType = sourcecode.swift; path = ClockInView.swift; sourceTree = "<group>"; };
		339B919D24C52D9A00585999 /* TimerView.swift */ = {isa = PBXFileReference; lastKnownFileType = sourcecode.swift; path = TimerView.swift; sourceTree = "<group>"; };
		339B91A024C65DBA00585999 /* Data.swift */ = {isa = PBXFileReference; lastKnownFileType = sourcecode.swift; path = Data.swift; sourceTree = "<group>"; };
		339B91A224C65E3200585999 /* StoreCheckInDTO.swift */ = {isa = PBXFileReference; lastKnownFileType = sourcecode.swift; path = StoreCheckInDTO.swift; sourceTree = "<group>"; };
		339B91A724C65FFB00585999 /* mockCheckInData.json */ = {isa = PBXFileReference; lastKnownFileType = text.json; path = mockCheckInData.json; sourceTree = "<group>"; };
		339B91A924C6A6FF00585999 /* MainMapView.swift */ = {isa = PBXFileReference; lastKnownFileType = sourcecode.swift; path = MainMapView.swift; sourceTree = "<group>"; };
		33D5FFBA24C4DA2C001461B6 /* TPImagePicker.swift */ = {isa = PBXFileReference; lastKnownFileType = sourcecode.swift; path = TPImagePicker.swift; sourceTree = "<group>"; };
		33D986742499BAB10047618B /* NOVA.app */ = {isa = PBXFileReference; explicitFileType = wrapper.application; includeInIndex = 0; path = NOVA.app; sourceTree = BUILT_PRODUCTS_DIR; };
		33D986772499BAB10047618B /* AppDelegate.swift */ = {isa = PBXFileReference; lastKnownFileType = sourcecode.swift; path = AppDelegate.swift; sourceTree = "<group>"; };
		33D986792499BAB10047618B /* SceneDelegate.swift */ = {isa = PBXFileReference; lastKnownFileType = sourcecode.swift; path = SceneDelegate.swift; sourceTree = "<group>"; };
		33D9867B2499BAB10047618B /* ContentView.swift */ = {isa = PBXFileReference; lastKnownFileType = sourcecode.swift; path = ContentView.swift; sourceTree = "<group>"; };
		33D9867D2499BAB40047618B /* Assets.xcassets */ = {isa = PBXFileReference; lastKnownFileType = folder.assetcatalog; path = Assets.xcassets; sourceTree = "<group>"; };
		33D986802499BAB40047618B /* Preview Assets.xcassets */ = {isa = PBXFileReference; lastKnownFileType = folder.assetcatalog; path = "Preview Assets.xcassets"; sourceTree = "<group>"; };
		33D986832499BAB50047618B /* Base */ = {isa = PBXFileReference; lastKnownFileType = file.storyboard; name = Base; path = Base.lproj/LaunchScreen.storyboard; sourceTree = "<group>"; };
		33D986852499BAB50047618B /* Info.plist */ = {isa = PBXFileReference; lastKnownFileType = text.plist.xml; path = Info.plist; sourceTree = "<group>"; };
		33EDA2DC24D74569002632A7 /* GoogleService-Info.plist */ = {isa = PBXFileReference; fileEncoding = 4; lastKnownFileType = text.plist.xml; name = "GoogleService-Info.plist"; path = "../../../Downloads/GoogleService-Info.plist"; sourceTree = "<group>"; };
		33EDA2DE24D74872002632A7 /* FirebaseSessionManager.swift */ = {isa = PBXFileReference; lastKnownFileType = sourcecode.swift; path = FirebaseSessionManager.swift; sourceTree = "<group>"; };
		33EDA2E024D74E2B002632A7 /* AuthView.swift */ = {isa = PBXFileReference; lastKnownFileType = sourcecode.swift; path = AuthView.swift; sourceTree = "<group>"; };
		33EDA2E224D77183002632A7 /* SettingsView.swift */ = {isa = PBXFileReference; lastKnownFileType = sourcecode.swift; path = SettingsView.swift; sourceTree = "<group>"; };
		33EDA2E424DBC940002632A7 /* TextFieldContainerView.swift */ = {isa = PBXFileReference; lastKnownFileType = sourcecode.swift; path = TextFieldContainerView.swift; sourceTree = "<group>"; };
		33EDA2E624DBD0E2002632A7 /* KeyboardResponder.swift */ = {isa = PBXFileReference; lastKnownFileType = sourcecode.swift; name = KeyboardResponder.swift; path = NOVA/Views/KeyboardResponder.swift; sourceTree = SOURCE_ROOT; };
		33EDA2EA24E0D4BD002632A7 /* KeyboardGuardian.swift */ = {isa = PBXFileReference; lastKnownFileType = sourcecode.swift; path = KeyboardGuardian.swift; sourceTree = SOURCE_ROOT; };
		33F7AC1C24BA7F2B00EF9E51 /* CheckInView.swift */ = {isa = PBXFileReference; lastKnownFileType = sourcecode.swift; path = CheckInView.swift; sourceTree = "<group>"; };
		5F44B944B48C23198A329809 /* Pods-NOVA Dev.debug.xcconfig */ = {isa = PBXFileReference; includeInIndex = 1; lastKnownFileType = text.xcconfig; name = "Pods-NOVA Dev.debug.xcconfig"; path = "Target Support Files/Pods-NOVA Dev/Pods-NOVA Dev.debug.xcconfig"; sourceTree = "<group>"; };
		6F324A111D61D4562FF20FA9 /* Pods_NOVA_Dev.framework */ = {isa = PBXFileReference; explicitFileType = wrapper.framework; includeInIndex = 0; path = Pods_NOVA_Dev.framework; sourceTree = BUILT_PRODUCTS_DIR; };
		74A0D230BFBE79EA90D8BF6E /* Pods_NOVA.framework */ = {isa = PBXFileReference; explicitFileType = wrapper.framework; includeInIndex = 0; path = Pods_NOVA.framework; sourceTree = BUILT_PRODUCTS_DIR; };
		B7D4AC160CFCBCC46D5AC045 /* Pods-NOVA Dev.release.xcconfig */ = {isa = PBXFileReference; includeInIndex = 1; lastKnownFileType = text.xcconfig; name = "Pods-NOVA Dev.release.xcconfig"; path = "Target Support Files/Pods-NOVA Dev/Pods-NOVA Dev.release.xcconfig"; sourceTree = "<group>"; };
		D5DBD3C28B06B4D13B9E6597 /* Pods-NOVA.debug.xcconfig */ = {isa = PBXFileReference; includeInIndex = 1; lastKnownFileType = text.xcconfig; name = "Pods-NOVA.debug.xcconfig"; path = "Target Support Files/Pods-NOVA/Pods-NOVA.debug.xcconfig"; sourceTree = "<group>"; };
/* End PBXFileReference section */

/* Begin PBXFrameworksBuildPhase section */
		338C0DC224E9ED6B00626260 /* Frameworks */ = {
			isa = PBXFrameworksBuildPhase;
			buildActionMask = 2147483647;
			files = (
				5185FCE9DAF7139D1330D877 /* Pods_NOVA_Dev.framework in Frameworks */,
			);
			runOnlyForDeploymentPostprocessing = 0;
		};
		33D986712499BAB10047618B /* Frameworks */ = {
			isa = PBXFrameworksBuildPhase;
			buildActionMask = 2147483647;
			files = (
				93E4CC05CE1D0D21DF8AB010 /* Pods_NOVA.framework in Frameworks */,
			);
			runOnlyForDeploymentPostprocessing = 0;
		};
/* End PBXFrameworksBuildPhase section */

/* Begin PBXGroup section */
		33075DD724CC94220066DFD2 /* Views */ = {
			isa = PBXGroup;
			children = (
				33D9867B2499BAB10047618B /* ContentView.swift */,
				33EDA2E224D77183002632A7 /* SettingsView.swift */,
				33EDA2E024D74E2B002632A7 /* AuthView.swift */,
				339B919D24C52D9A00585999 /* TimerView.swift */,
				339B919B24C5246200585999 /* ClockInView.swift */,
				33075DDD24CE861E0066DFD2 /* RouteView.swift */,
				339B919724C5107900585999 /* HistoryView.swift */,
				33F7AC1C24BA7F2B00EF9E51 /* CheckInView.swift */,
				338C0DA524E9DAD300626260 /* LoadingView.swift */,
				33075DDB24CE37A20066DFD2 /* UIKitTabView.swift */,
				3323CC6C24F7812400CF93F7 /* OrderView.swift */,
			);
			path = Views;
			sourceTree = "<group>";
		};
		33075DD824CC944C0066DFD2 /* Supporting Files */ = {
			isa = PBXGroup;
			children = (
				33EDA2EA24E0D4BD002632A7 /* KeyboardGuardian.swift */,
				33EDA2E624DBD0E2002632A7 /* KeyboardResponder.swift */,
				33075DE124CE95D70066DFD2 /* MulticolorPolyline.swift */,
				339B919924C5196E00585999 /* TimerManager.swift */,
				33075DD924CC94920066DFD2 /* LocationManager.swift */,
				33EDA2DE24D74872002632A7 /* FirebaseSessionManager.swift */,
			);
			path = "Supporting Files";
			sourceTree = "<group>";
		};
		339B919F24C65D8300585999 /* Models */ = {
			isa = PBXGroup;
			children = (
				339B91A024C65DBA00585999 /* Data.swift */,
				339B91A224C65E3200585999 /* StoreCheckInDTO.swift */,
				3323CC6024F338AF00CF93F7 /* StoreDTO.swift */,
				3323CC6924F34F7E00CF93F7 /* BrandDTO.swift */,
				3323CC6F24FC87FE00CF93F7 /* OrderDTO.swift */,
			);
			name = Models;
			sourceTree = "<group>";
		};
		339B91A424C65FA900585999 /* Resources */ = {
			isa = PBXGroup;
			children = (
				339B91A724C65FFB00585999 /* mockCheckInData.json */,
				3323CC6224F339E400CF93F7 /* mockStoreData.json */,
				3323CC6624F34F0700CF93F7 /* mockBrandData.json */,
			);
			path = Resources;
			sourceTree = "<group>";
		};
		33AC03F424E4EE16005265E3 /* View Representables */ = {
			isa = PBXGroup;
			children = (
				33EDA2E424DBC940002632A7 /* TextFieldContainerView.swift */,
				33D5FFBA24C4DA2C001461B6 /* TPImagePicker.swift */,
				339B91A924C6A6FF00585999 /* MainMapView.swift */,
				33075DDF24CE94A80066DFD2 /* RouteMapView.swift */,
			);
			path = "View Representables";
			sourceTree = "<group>";
		};
		33D9866B2499BAB10047618B = {
			isa = PBXGroup;
			children = (
				33D986762499BAB10047618B /* NOVA */,
				33D986752499BAB10047618B /* Products */,
				F5B00E082661FB86FAF5F35F /* Pods */,
				68911BEE92476388B3548F52 /* Frameworks */,
			);
			sourceTree = "<group>";
		};
		33D986752499BAB10047618B /* Products */ = {
			isa = PBXGroup;
			children = (
				33D986742499BAB10047618B /* NOVA.app */,
				338C0DCE24E9ED6B00626260 /* NOVA Dev.app */,
			);
			name = Products;
			sourceTree = "<group>";
		};
		33D986762499BAB10047618B /* NOVA */ = {
			isa = PBXGroup;
			children = (
				33AC03F424E4EE16005265E3 /* View Representables */,
				33075DD824CC944C0066DFD2 /* Supporting Files */,
				33075DD724CC94220066DFD2 /* Views */,
				339B91A424C65FA900585999 /* Resources */,
				339B919F24C65D8300585999 /* Models */,
				33D986772499BAB10047618B /* AppDelegate.swift */,
				33D986792499BAB10047618B /* SceneDelegate.swift */,
				33D9867D2499BAB40047618B /* Assets.xcassets */,
				33D986822499BAB50047618B /* LaunchScreen.storyboard */,
				33D986852499BAB50047618B /* Info.plist */,
				338C0DCF24E9ED6D00626260 /* Dev-info.plist */,
				33EDA2DC24D74569002632A7 /* GoogleService-Info.plist */,
				33D9867F2499BAB40047618B /* Preview Content */,
			);
			path = NOVA;
			sourceTree = "<group>";
		};
		33D9867F2499BAB40047618B /* Preview Content */ = {
			isa = PBXGroup;
			children = (
				33D986802499BAB40047618B /* Preview Assets.xcassets */,
			);
			path = "Preview Content";
			sourceTree = "<group>";
		};
		68911BEE92476388B3548F52 /* Frameworks */ = {
			isa = PBXGroup;
			children = (
				74A0D230BFBE79EA90D8BF6E /* Pods_NOVA.framework */,
				6F324A111D61D4562FF20FA9 /* Pods_NOVA_Dev.framework */,
			);
			name = Frameworks;
			sourceTree = "<group>";
		};
		F5B00E082661FB86FAF5F35F /* Pods */ = {
			isa = PBXGroup;
			children = (
				D5DBD3C28B06B4D13B9E6597 /* Pods-NOVA.debug.xcconfig */,
				2F8DF5F79FF19683E1CE706C /* Pods-NOVA.release.xcconfig */,
				5F44B944B48C23198A329809 /* Pods-NOVA Dev.debug.xcconfig */,
				B7D4AC160CFCBCC46D5AC045 /* Pods-NOVA Dev.release.xcconfig */,
			);
			path = Pods;
			sourceTree = "<group>";
		};
/* End PBXGroup section */

/* Begin PBXNativeTarget section */
		338C0DA724E9ED6B00626260 /* NOVA Dev */ = {
			isa = PBXNativeTarget;
			buildConfigurationList = 338C0DCB24E9ED6B00626260 /* Build configuration list for PBXNativeTarget "NOVA Dev" */;
			buildPhases = (
				508DCA17C60885A0CBDF97E8 /* [CP] Check Pods Manifest.lock */,
				338C0DA924E9ED6B00626260 /* Sources */,
				338C0DC224E9ED6B00626260 /* Frameworks */,
				338C0DC424E9ED6B00626260 /* Resources */,
				90B5E91FB411E3E5273C2F92 /* [CP] Embed Pods Frameworks */,
			);
			buildRules = (
			);
			dependencies = (
			);
			name = "NOVA Dev";
			productName = NOVA;
			productReference = 338C0DCE24E9ED6B00626260 /* NOVA Dev.app */;
			productType = "com.apple.product-type.application";
		};
		33D986732499BAB10047618B /* NOVA */ = {
			isa = PBXNativeTarget;
			buildConfigurationList = 33D986882499BAB50047618B /* Build configuration list for PBXNativeTarget "NOVA" */;
			buildPhases = (
				EEDD8FB7FE483806E5A41AAF /* [CP] Check Pods Manifest.lock */,
				33D986702499BAB10047618B /* Sources */,
				33D986712499BAB10047618B /* Frameworks */,
				33D986722499BAB10047618B /* Resources */,
				E0446E81B989B46C34A4AF30 /* [CP] Embed Pods Frameworks */,
			);
			buildRules = (
			);
			dependencies = (
			);
			name = NOVA;
			productName = NOVA;
			productReference = 33D986742499BAB10047618B /* NOVA.app */;
			productType = "com.apple.product-type.application";
		};
/* End PBXNativeTarget section */

/* Begin PBXProject section */
		33D9866C2499BAB10047618B /* Project object */ = {
			isa = PBXProject;
			attributes = {
				LastSwiftUpdateCheck = 1150;
				LastUpgradeCheck = 1150;
				ORGANIZATIONNAME = Nova;
				TargetAttributes = {
					33D986732499BAB10047618B = {
						CreatedOnToolsVersion = 11.5;
					};
				};
			};
			buildConfigurationList = 33D9866F2499BAB10047618B /* Build configuration list for PBXProject "NOVA" */;
			compatibilityVersion = "Xcode 9.3";
			developmentRegion = en;
			hasScannedForEncodings = 0;
			knownRegions = (
				en,
				Base,
			);
			mainGroup = 33D9866B2499BAB10047618B;
			productRefGroup = 33D986752499BAB10047618B /* Products */;
			projectDirPath = "";
			projectRoot = "";
			targets = (
				33D986732499BAB10047618B /* NOVA */,
				338C0DA724E9ED6B00626260 /* NOVA Dev */,
			);
		};
/* End PBXProject section */

/* Begin PBXResourcesBuildPhase section */
		338C0DC424E9ED6B00626260 /* Resources */ = {
			isa = PBXResourcesBuildPhase;
			buildActionMask = 2147483647;
			files = (
				338C0DC524E9ED6B00626260 /* LaunchScreen.storyboard in Resources */,
				338C0DC624E9ED6B00626260 /* mockCheckInData.json in Resources */,
				338C0DC724E9ED6B00626260 /* GoogleService-Info.plist in Resources */,
				3323CC6824F34F0700CF93F7 /* mockBrandData.json in Resources */,
				3323CC6424F339E400CF93F7 /* mockStoreData.json in Resources */,
				338C0DC824E9ED6B00626260 /* Preview Assets.xcassets in Resources */,
				338C0DC924E9ED6B00626260 /* Assets.xcassets in Resources */,
			);
			runOnlyForDeploymentPostprocessing = 0;
		};
		33D986722499BAB10047618B /* Resources */ = {
			isa = PBXResourcesBuildPhase;
			buildActionMask = 2147483647;
			files = (
				33D986842499BAB50047618B /* LaunchScreen.storyboard in Resources */,
				339B91A824C65FFB00585999 /* mockCheckInData.json in Resources */,
				33EDA2DD24D74569002632A7 /* GoogleService-Info.plist in Resources */,
				3323CC6724F34F0700CF93F7 /* mockBrandData.json in Resources */,
				3323CC6324F339E400CF93F7 /* mockStoreData.json in Resources */,
				33D986812499BAB40047618B /* Preview Assets.xcassets in Resources */,
				33D9867E2499BAB40047618B /* Assets.xcassets in Resources */,
			);
			runOnlyForDeploymentPostprocessing = 0;
		};
/* End PBXResourcesBuildPhase section */

/* Begin PBXShellScriptBuildPhase section */
		508DCA17C60885A0CBDF97E8 /* [CP] Check Pods Manifest.lock */ = {
			isa = PBXShellScriptBuildPhase;
			buildActionMask = 2147483647;
			files = (
			);
			inputFileListPaths = (
			);
			inputPaths = (
				"${PODS_PODFILE_DIR_PATH}/Podfile.lock",
				"${PODS_ROOT}/Manifest.lock",
			);
			name = "[CP] Check Pods Manifest.lock";
			outputFileListPaths = (
			);
			outputPaths = (
				"$(DERIVED_FILE_DIR)/Pods-NOVA Dev-checkManifestLockResult.txt",
			);
			runOnlyForDeploymentPostprocessing = 0;
			shellPath = /bin/sh;
			shellScript = "diff \"${PODS_PODFILE_DIR_PATH}/Podfile.lock\" \"${PODS_ROOT}/Manifest.lock\" > /dev/null\nif [ $? != 0 ] ; then\n    # print error to STDERR\n    echo \"error: The sandbox is not in sync with the Podfile.lock. Run 'pod install' or update your CocoaPods installation.\" >&2\n    exit 1\nfi\n# This output is used by Xcode 'outputs' to avoid re-running this script phase.\necho \"SUCCESS\" > \"${SCRIPT_OUTPUT_FILE_0}\"\n";
			showEnvVarsInLog = 0;
		};
		90B5E91FB411E3E5273C2F92 /* [CP] Embed Pods Frameworks */ = {
			isa = PBXShellScriptBuildPhase;
			buildActionMask = 2147483647;
			files = (
			);
			inputFileListPaths = (
				"${PODS_ROOT}/Target Support Files/Pods-NOVA Dev/Pods-NOVA Dev-frameworks-${CONFIGURATION}-input-files.xcfilelist",
			);
			name = "[CP] Embed Pods Frameworks";
			outputFileListPaths = (
				"${PODS_ROOT}/Target Support Files/Pods-NOVA Dev/Pods-NOVA Dev-frameworks-${CONFIGURATION}-output-files.xcfilelist",
			);
			runOnlyForDeploymentPostprocessing = 0;
			shellPath = /bin/sh;
			shellScript = "\"${PODS_ROOT}/Target Support Files/Pods-NOVA Dev/Pods-NOVA Dev-frameworks.sh\"\n";
			showEnvVarsInLog = 0;
		};
		E0446E81B989B46C34A4AF30 /* [CP] Embed Pods Frameworks */ = {
			isa = PBXShellScriptBuildPhase;
			buildActionMask = 2147483647;
			files = (
			);
			inputFileListPaths = (
				"${PODS_ROOT}/Target Support Files/Pods-NOVA/Pods-NOVA-frameworks-${CONFIGURATION}-input-files.xcfilelist",
			);
			name = "[CP] Embed Pods Frameworks";
			outputFileListPaths = (
				"${PODS_ROOT}/Target Support Files/Pods-NOVA/Pods-NOVA-frameworks-${CONFIGURATION}-output-files.xcfilelist",
			);
			runOnlyForDeploymentPostprocessing = 0;
			shellPath = /bin/sh;
			shellScript = "\"${PODS_ROOT}/Target Support Files/Pods-NOVA/Pods-NOVA-frameworks.sh\"\n";
			showEnvVarsInLog = 0;
		};
		EEDD8FB7FE483806E5A41AAF /* [CP] Check Pods Manifest.lock */ = {
			isa = PBXShellScriptBuildPhase;
			buildActionMask = 2147483647;
			files = (
			);
			inputFileListPaths = (
			);
			inputPaths = (
				"${PODS_PODFILE_DIR_PATH}/Podfile.lock",
				"${PODS_ROOT}/Manifest.lock",
			);
			name = "[CP] Check Pods Manifest.lock";
			outputFileListPaths = (
			);
			outputPaths = (
				"$(DERIVED_FILE_DIR)/Pods-NOVA-checkManifestLockResult.txt",
			);
			runOnlyForDeploymentPostprocessing = 0;
			shellPath = /bin/sh;
			shellScript = "diff \"${PODS_PODFILE_DIR_PATH}/Podfile.lock\" \"${PODS_ROOT}/Manifest.lock\" > /dev/null\nif [ $? != 0 ] ; then\n    # print error to STDERR\n    echo \"error: The sandbox is not in sync with the Podfile.lock. Run 'pod install' or update your CocoaPods installation.\" >&2\n    exit 1\nfi\n# This output is used by Xcode 'outputs' to avoid re-running this script phase.\necho \"SUCCESS\" > \"${SCRIPT_OUTPUT_FILE_0}\"\n";
			showEnvVarsInLog = 0;
		};
/* End PBXShellScriptBuildPhase section */

/* Begin PBXSourcesBuildPhase section */
		338C0DA924E9ED6B00626260 /* Sources */ = {
			isa = PBXSourcesBuildPhase;
			buildActionMask = 2147483647;
			files = (
				338C0DAA24E9ED6B00626260 /* StoreCheckInDTO.swift in Sources */,
				338C0DAB24E9ED6B00626260 /* TPImagePicker.swift in Sources */,
				338C0DAC24E9ED6B00626260 /* LocationManager.swift in Sources */,
				338C0DAD24E9ED6B00626260 /* RouteView.swift in Sources */,
				338C0DAE24E9ED6B00626260 /* AppDelegate.swift in Sources */,
				3323CC6524F339E800CF93F7 /* StoreDTO.swift in Sources */,
				3323CC7124FC87FE00CF93F7 /* OrderDTO.swift in Sources */,
				338C0DAF24E9ED6B00626260 /* LoadingView.swift in Sources */,
				338C0DB024E9ED6B00626260 /* KeyboardResponder.swift in Sources */,
				338C0DB124E9ED6B00626260 /* KeyboardGuardian.swift in Sources */,
				338C0DB224E9ED6B00626260 /* ClockInView.swift in Sources */,
				338C0DB324E9ED6B00626260 /* FirebaseSessionManager.swift in Sources */,
				338C0DB424E9ED6B00626260 /* UIKitTabView.swift in Sources */,
				338C0DB524E9ED6B00626260 /* TextFieldContainerView.swift in Sources */,
				338C0DB624E9ED6B00626260 /* TimerView.swift in Sources */,
				338C0DB724E9ED6B00626260 /* HistoryView.swift in Sources */,
				338C0DB824E9ED6B00626260 /* CheckInView.swift in Sources */,
				338C0DB924E9ED6B00626260 /* MainMapView.swift in Sources */,
				338C0DBA24E9ED6B00626260 /* Data.swift in Sources */,
				338C0DBB24E9ED6B00626260 /* AuthView.swift in Sources */,
				338C0DBC24E9ED6B00626260 /* MulticolorPolyline.swift in Sources */,
				338C0DBD24E9ED6B00626260 /* TimerManager.swift in Sources */,
				3323CC6B24F34F7E00CF93F7 /* BrandDTO.swift in Sources */,
				338C0DBE24E9ED6B00626260 /* RouteMapView.swift in Sources */,
				338C0DBF24E9ED6B00626260 /* SceneDelegate.swift in Sources */,
				3323CC6E24F7812400CF93F7 /* OrderView.swift in Sources */,
				338C0DC024E9ED6B00626260 /* ContentView.swift in Sources */,
				338C0DC124E9ED6B00626260 /* SettingsView.swift in Sources */,
			);
			runOnlyForDeploymentPostprocessing = 0;
		};
		33D986702499BAB10047618B /* Sources */ = {
			isa = PBXSourcesBuildPhase;
			buildActionMask = 2147483647;
			files = (
				339B91A324C65E3200585999 /* StoreCheckInDTO.swift in Sources */,
				33D5FFBB24C4DA2C001461B6 /* TPImagePicker.swift in Sources */,
				33075DDA24CC94920066DFD2 /* LocationManager.swift in Sources */,
				33075DDE24CE861E0066DFD2 /* RouteView.swift in Sources */,
				33D986782499BAB10047618B /* AppDelegate.swift in Sources */,
				3323CC6124F338AF00CF93F7 /* StoreDTO.swift in Sources */,
				3323CC7024FC87FE00CF93F7 /* OrderDTO.swift in Sources */,
				338C0DA624E9DAD300626260 /* LoadingView.swift in Sources */,
				33EDA2E724DBD0E2002632A7 /* KeyboardResponder.swift in Sources */,
				33EDA2EB24E0D4BD002632A7 /* KeyboardGuardian.swift in Sources */,
				339B919C24C5246200585999 /* ClockInView.swift in Sources */,
				33EDA2DF24D74872002632A7 /* FirebaseSessionManager.swift in Sources */,
				33075DDC24CE37A20066DFD2 /* UIKitTabView.swift in Sources */,
				33EDA2E524DBC940002632A7 /* TextFieldContainerView.swift in Sources */,
				339B919E24C52D9A00585999 /* TimerView.swift in Sources */,
				339B919824C5107900585999 /* HistoryView.swift in Sources */,
				33F7AC1D24BA7F2B00EF9E51 /* CheckInView.swift in Sources */,
				339B91AA24C6A6FF00585999 /* MainMapView.swift in Sources */,
				339B91A124C65DBA00585999 /* Data.swift in Sources */,
				33EDA2E124D74E2B002632A7 /* AuthView.swift in Sources */,
				33075DE224CE95D70066DFD2 /* MulticolorPolyline.swift in Sources */,
				339B919A24C5196E00585999 /* TimerManager.swift in Sources */,
				3323CC6A24F34F7E00CF93F7 /* BrandDTO.swift in Sources */,
				33075DE024CE94A80066DFD2 /* RouteMapView.swift in Sources */,
				33D9867A2499BAB10047618B /* SceneDelegate.swift in Sources */,
				3323CC6D24F7812400CF93F7 /* OrderView.swift in Sources */,
				33D9867C2499BAB10047618B /* ContentView.swift in Sources */,
				33EDA2E324D77183002632A7 /* SettingsView.swift in Sources */,
			);
			runOnlyForDeploymentPostprocessing = 0;
		};
/* End PBXSourcesBuildPhase section */

/* Begin PBXVariantGroup section */
		33D986822499BAB50047618B /* LaunchScreen.storyboard */ = {
			isa = PBXVariantGroup;
			children = (
				33D986832499BAB50047618B /* Base */,
			);
			name = LaunchScreen.storyboard;
			sourceTree = "<group>";
		};
/* End PBXVariantGroup section */

/* Begin XCBuildConfiguration section */
		338C0DCC24E9ED6B00626260 /* Debug */ = {
			isa = XCBuildConfiguration;
			baseConfigurationReference = 5F44B944B48C23198A329809 /* Pods-NOVA Dev.debug.xcconfig */;
			buildSettings = {
				ASSETCATALOG_COMPILER_APPICON_NAME = AppIcon;
				CODE_SIGN_STYLE = Automatic;
				DEVELOPMENT_ASSET_PATHS = "\"NOVA/Preview Content\"";
				DEVELOPMENT_TEAM = X2XN2M82X8;
				ENABLE_PREVIEWS = YES;
				INFOPLIST_FILE = "Dev-info.plist";
				LD_RUNPATH_SEARCH_PATHS = (
					"$(inherited)",
					"@executable_path/Frameworks",
				);
				OTHER_SWIFT_FLAGS = "$(inherited) -D COCOAPODS -DDEVELOPMENT";
				PRODUCT_BUNDLE_IDENTIFIER = nova.novacovici.NOVA;
				PRODUCT_NAME = "$(TARGET_NAME)";
				SWIFT_VERSION = 5.0;
				TARGETED_DEVICE_FAMILY = "1,2";
			};
			name = Debug;
		};
		338C0DCD24E9ED6B00626260 /* Release */ = {
			isa = XCBuildConfiguration;
			baseConfigurationReference = B7D4AC160CFCBCC46D5AC045 /* Pods-NOVA Dev.release.xcconfig */;
			buildSettings = {
				ASSETCATALOG_COMPILER_APPICON_NAME = AppIcon;
				CODE_SIGN_STYLE = Automatic;
				DEVELOPMENT_ASSET_PATHS = "\"NOVA/Preview Content\"";
				DEVELOPMENT_TEAM = X2XN2M82X8;
				ENABLE_PREVIEWS = YES;
				INFOPLIST_FILE = "Dev-info.plist";
				LD_RUNPATH_SEARCH_PATHS = (
					"$(inherited)",
					"@executable_path/Frameworks",
				);
				OTHER_SWIFT_FLAGS = "$(inherited) -D COCOAPODS -DDEVELOPMENT";
				PRODUCT_BUNDLE_IDENTIFIER = nova.novacovici.NOVA;
				PRODUCT_NAME = "$(TARGET_NAME)";
				SWIFT_VERSION = 5.0;
				TARGETED_DEVICE_FAMILY = "1,2";
			};
			name = Release;
		};
		33D986862499BAB50047618B /* Debug */ = {
			isa = XCBuildConfiguration;
			buildSettings = {
				ALWAYS_SEARCH_USER_PATHS = NO;
				CLANG_ANALYZER_NONNULL = YES;
				CLANG_ANALYZER_NUMBER_OBJECT_CONVERSION = YES_AGGRESSIVE;
				CLANG_CXX_LANGUAGE_STANDARD = "gnu++14";
				CLANG_CXX_LIBRARY = "libc++";
				CLANG_ENABLE_MODULES = YES;
				CLANG_ENABLE_OBJC_ARC = YES;
				CLANG_ENABLE_OBJC_WEAK = YES;
				CLANG_WARN_BLOCK_CAPTURE_AUTORELEASING = YES;
				CLANG_WARN_BOOL_CONVERSION = YES;
				CLANG_WARN_COMMA = YES;
				CLANG_WARN_CONSTANT_CONVERSION = YES;
				CLANG_WARN_DEPRECATED_OBJC_IMPLEMENTATIONS = YES;
				CLANG_WARN_DIRECT_OBJC_ISA_USAGE = YES_ERROR;
				CLANG_WARN_DOCUMENTATION_COMMENTS = YES;
				CLANG_WARN_EMPTY_BODY = YES;
				CLANG_WARN_ENUM_CONVERSION = YES;
				CLANG_WARN_INFINITE_RECURSION = YES;
				CLANG_WARN_INT_CONVERSION = YES;
				CLANG_WARN_NON_LITERAL_NULL_CONVERSION = YES;
				CLANG_WARN_OBJC_IMPLICIT_RETAIN_SELF = YES;
				CLANG_WARN_OBJC_LITERAL_CONVERSION = YES;
				CLANG_WARN_OBJC_ROOT_CLASS = YES_ERROR;
				CLANG_WARN_RANGE_LOOP_ANALYSIS = YES;
				CLANG_WARN_STRICT_PROTOTYPES = YES;
				CLANG_WARN_SUSPICIOUS_MOVE = YES;
				CLANG_WARN_UNGUARDED_AVAILABILITY = YES_AGGRESSIVE;
				CLANG_WARN_UNREACHABLE_CODE = YES;
				CLANG_WARN__DUPLICATE_METHOD_MATCH = YES;
				COPY_PHASE_STRIP = NO;
				DEBUG_INFORMATION_FORMAT = dwarf;
				ENABLE_STRICT_OBJC_MSGSEND = YES;
				ENABLE_TESTABILITY = YES;
				GCC_C_LANGUAGE_STANDARD = gnu11;
				GCC_DYNAMIC_NO_PIC = NO;
				GCC_NO_COMMON_BLOCKS = YES;
				GCC_OPTIMIZATION_LEVEL = 0;
				GCC_PREPROCESSOR_DEFINITIONS = (
					"DEBUG=1",
					"$(inherited)",
				);
				GCC_WARN_64_TO_32_BIT_CONVERSION = YES;
				GCC_WARN_ABOUT_RETURN_TYPE = YES_ERROR;
				GCC_WARN_UNDECLARED_SELECTOR = YES;
				GCC_WARN_UNINITIALIZED_AUTOS = YES_AGGRESSIVE;
				GCC_WARN_UNUSED_FUNCTION = YES;
				GCC_WARN_UNUSED_VARIABLE = YES;
				IPHONEOS_DEPLOYMENT_TARGET = 13.5;
				MTL_ENABLE_DEBUG_INFO = INCLUDE_SOURCE;
				MTL_FAST_MATH = YES;
				ONLY_ACTIVE_ARCH = YES;
				SDKROOT = iphoneos;
				SWIFT_ACTIVE_COMPILATION_CONDITIONS = DEBUG;
				SWIFT_OPTIMIZATION_LEVEL = "-Onone";
			};
			name = Debug;
		};
		33D986872499BAB50047618B /* Release */ = {
			isa = XCBuildConfiguration;
			buildSettings = {
				ALWAYS_SEARCH_USER_PATHS = NO;
				CLANG_ANALYZER_NONNULL = YES;
				CLANG_ANALYZER_NUMBER_OBJECT_CONVERSION = YES_AGGRESSIVE;
				CLANG_CXX_LANGUAGE_STANDARD = "gnu++14";
				CLANG_CXX_LIBRARY = "libc++";
				CLANG_ENABLE_MODULES = YES;
				CLANG_ENABLE_OBJC_ARC = YES;
				CLANG_ENABLE_OBJC_WEAK = YES;
				CLANG_WARN_BLOCK_CAPTURE_AUTORELEASING = YES;
				CLANG_WARN_BOOL_CONVERSION = YES;
				CLANG_WARN_COMMA = YES;
				CLANG_WARN_CONSTANT_CONVERSION = YES;
				CLANG_WARN_DEPRECATED_OBJC_IMPLEMENTATIONS = YES;
				CLANG_WARN_DIRECT_OBJC_ISA_USAGE = YES_ERROR;
				CLANG_WARN_DOCUMENTATION_COMMENTS = YES;
				CLANG_WARN_EMPTY_BODY = YES;
				CLANG_WARN_ENUM_CONVERSION = YES;
				CLANG_WARN_INFINITE_RECURSION = YES;
				CLANG_WARN_INT_CONVERSION = YES;
				CLANG_WARN_NON_LITERAL_NULL_CONVERSION = YES;
				CLANG_WARN_OBJC_IMPLICIT_RETAIN_SELF = YES;
				CLANG_WARN_OBJC_LITERAL_CONVERSION = YES;
				CLANG_WARN_OBJC_ROOT_CLASS = YES_ERROR;
				CLANG_WARN_RANGE_LOOP_ANALYSIS = YES;
				CLANG_WARN_STRICT_PROTOTYPES = YES;
				CLANG_WARN_SUSPICIOUS_MOVE = YES;
				CLANG_WARN_UNGUARDED_AVAILABILITY = YES_AGGRESSIVE;
				CLANG_WARN_UNREACHABLE_CODE = YES;
				CLANG_WARN__DUPLICATE_METHOD_MATCH = YES;
				COPY_PHASE_STRIP = NO;
				DEBUG_INFORMATION_FORMAT = "dwarf-with-dsym";
				ENABLE_NS_ASSERTIONS = NO;
				ENABLE_STRICT_OBJC_MSGSEND = YES;
				GCC_C_LANGUAGE_STANDARD = gnu11;
				GCC_NO_COMMON_BLOCKS = YES;
				GCC_WARN_64_TO_32_BIT_CONVERSION = YES;
				GCC_WARN_ABOUT_RETURN_TYPE = YES_ERROR;
				GCC_WARN_UNDECLARED_SELECTOR = YES;
				GCC_WARN_UNINITIALIZED_AUTOS = YES_AGGRESSIVE;
				GCC_WARN_UNUSED_FUNCTION = YES;
				GCC_WARN_UNUSED_VARIABLE = YES;
				IPHONEOS_DEPLOYMENT_TARGET = 13.5;
				MTL_ENABLE_DEBUG_INFO = NO;
				MTL_FAST_MATH = YES;
				SDKROOT = iphoneos;
				SWIFT_COMPILATION_MODE = wholemodule;
				SWIFT_OPTIMIZATION_LEVEL = "-O";
				VALIDATE_PRODUCT = YES;
			};
			name = Release;
		};
		33D986892499BAB50047618B /* Debug */ = {
			isa = XCBuildConfiguration;
			baseConfigurationReference = D5DBD3C28B06B4D13B9E6597 /* Pods-NOVA.debug.xcconfig */;
			buildSettings = {
				ASSETCATALOG_COMPILER_APPICON_NAME = AppIcon;
				CODE_SIGN_STYLE = Automatic;
				DEVELOPMENT_ASSET_PATHS = "\"NOVA/Preview Content\"";
				DEVELOPMENT_TEAM = X2XN2M82X8;
				ENABLE_PREVIEWS = YES;
				INFOPLIST_FILE = NOVA/Info.plist;
				LD_RUNPATH_SEARCH_PATHS = (
					"$(inherited)",
					"@executable_path/Frameworks",
				);
				PRODUCT_BUNDLE_IDENTIFIER = nova.novacovici.NOVA;
				PRODUCT_NAME = "$(TARGET_NAME)";
				SWIFT_VERSION = 5.0;
				TARGETED_DEVICE_FAMILY = "1,2";
			};
			name = Debug;
		};
		33D9868A2499BAB50047618B /* Release */ = {
			isa = XCBuildConfiguration;
			baseConfigurationReference = 2F8DF5F79FF19683E1CE706C /* Pods-NOVA.release.xcconfig */;
			buildSettings = {
				ASSETCATALOG_COMPILER_APPICON_NAME = AppIcon;
				CODE_SIGN_STYLE = Automatic;
				DEVELOPMENT_ASSET_PATHS = "\"NOVA/Preview Content\"";
				DEVELOPMENT_TEAM = X2XN2M82X8;
				ENABLE_PREVIEWS = YES;
				INFOPLIST_FILE = NOVA/Info.plist;
				LD_RUNPATH_SEARCH_PATHS = (
					"$(inherited)",
					"@executable_path/Frameworks",
				);
				PRODUCT_BUNDLE_IDENTIFIER = nova.novacovici.NOVA;
				PRODUCT_NAME = "$(TARGET_NAME)";
				SWIFT_VERSION = 5.0;
				TARGETED_DEVICE_FAMILY = "1,2";
			};
			name = Release;
		};
/* End XCBuildConfiguration section */

/* Begin XCConfigurationList section */
		338C0DCB24E9ED6B00626260 /* Build configuration list for PBXNativeTarget "NOVA Dev" */ = {
			isa = XCConfigurationList;
			buildConfigurations = (
				338C0DCC24E9ED6B00626260 /* Debug */,
				338C0DCD24E9ED6B00626260 /* Release */,
			);
			defaultConfigurationIsVisible = 0;
			defaultConfigurationName = Release;
		};
		33D9866F2499BAB10047618B /* Build configuration list for PBXProject "NOVA" */ = {
			isa = XCConfigurationList;
			buildConfigurations = (
				33D986862499BAB50047618B /* Debug */,
				33D986872499BAB50047618B /* Release */,
			);
			defaultConfigurationIsVisible = 0;
			defaultConfigurationName = Release;
		};
		33D986882499BAB50047618B /* Build configuration list for PBXNativeTarget "NOVA" */ = {
			isa = XCConfigurationList;
			buildConfigurations = (
				33D986892499BAB50047618B /* Debug */,
				33D9868A2499BAB50047618B /* Release */,
			);
			defaultConfigurationIsVisible = 0;
			defaultConfigurationName = Release;
		};
/* End XCConfigurationList section */
	};
	rootObject = 33D9866C2499BAB10047618B /* Project object */;
}
